dependencies:
- name: argo-workflows
  repository: https://argoproj.github.io/argo-helm
  version: 0.33.1
- name: jupyterhub
  repository: https://jupyterhub.github.io/helm-chart/
  version: 4.1.0
- name: k8s-secret-creator
  repository: oci://ghcr.io/qcdis/charts
  version: 0.1.0
- name: postgresql
  repository: https://charts.bitnami.com/bitnami
  version: 12.12.10
- name: naavre-catalogue-service
  repository: oci://ghcr.io/naavre/charts
  version: v0.4.2
- name: naavre-containerizer-service
  repository: oci://ghcr.io/naavre/charts
  version: v0.4.5
- name: naavre-workflow-service
  repository: oci://ghcr.io/naavre/charts
  version: v0.1.6
- name: naavre-paas-frontend
  repository: oci://ghcr.io/naavre/charts
  version: v0.2.2
digest: sha256:df1b096e8af40ac5f1cf47723d589ee6c80ab6754bcdee52a600379838cf4086
generated: "2025-12-09T14:04:29.66131991+01:00"
