dependencies:
- name: argo-workflows
  repository: https://argoproj.github.io/argo-helm
  version: 0.33.1
- name: jupyterhub
  repository: https://jupyterhub.github.io/helm-chart/
  version: 4.1.0
- name: k8s-secret-creator
  repository: oci://ghcr.io/qcdis/charts
  version: 0.1.0
- name: keycloak
  repository: https://charts.bitnami.com/bitnami
  version: 16.1.7
- name: naavre-catalogue-service
  repository: oci://ghcr.io/naavre/charts
  version: v0.4.2
- name: naavre-containerizer-service
  repository: oci://ghcr.io/naavre/charts
  version: v0.4.5
- name: naavre-workflow-service
  repository: oci://ghcr.io/naavre/charts
  version: v0.1.5
- name: naavre-paas-frontend
  repository: oci://ghcr.io/naavre/charts
  version: v0.2.1
digest: sha256:989f1c9a5931e62ba4c6061d3b27f4cc72b9db9b2351a804f25039cb070a0ac5
generated: "2025-10-06T12:50:39.980158327+02:00"
