dependencies:
- name: argo-workflows
  repository: https://argoproj.github.io/argo-helm
  version: 0.33.1
- name: jupyterhub
  repository: https://jupyterhub.github.io/helm-chart/
  version: 4.1.0
- name: k8s-secret-creator
  repository: oci://ghcr.io/qcdis/charts
  version: 0.1.0
- name: keycloak
  repository: https://charts.bitnami.com/bitnami
  version: 16.1.7
- name: naavre-catalogue-service
  repository: oci://ghcr.io/naavre/charts
  version: v0.2.1
- name: naavre-containerizer-service
  repository: oci://ghcr.io/naavre/charts
  version: v0.4
- name: naavre-workflow-service
  repository: oci://ghcr.io/naavre/charts
  version: v0.1.4
- name: naavre-paas-frontend
  repository: oci://ghcr.io/naavre/charts
  version: v0.1.2
digest: sha256:9b7b1c4c2f951f738b4a3ce9c98327db66509a186620d9f1fd188efac8a18e7c
generated: "2025-06-14T15:48:13.837770368+02:00"
